// !$*UTF8*$!
{
	archiveVersion = 1;
	classes = {
	};
	objectVersion = 56;
	objects = {

/* Begin PBXBuildFile section */
		09B2210929E4E8C900DFC95E /* AppDelegate.swift in Sources */ = {isa = PBXBuildFile; fileRef = 09B2210829E4E8C900DFC95E /* AppDelegate.swift */; };
		09B2210B29E4E8C900DFC95E /* SceneDelegate.swift in Sources */ = {isa = PBXBuildFile; fileRef = 09B2210A29E4E8C900DFC95E /* SceneDelegate.swift */; };
		09B2211029E4E8C900DFC95E /* Main.storyboard in Resources */ = {isa = PBXBuildFile; fileRef = 09B2210E29E4E8C900DFC95E /* Main.storyboard */; };
		09B2211229E4E8CC00DFC95E /* Assets.xcassets in Resources */ = {isa = PBXBuildFile; fileRef = 09B2211129E4E8CC00DFC95E /* Assets.xcassets */; };
		09B2211529E4E8CC00DFC95E /* LaunchScreen.storyboard in Resources */ = {isa = PBXBuildFile; fileRef = 09B2211329E4E8CC00DFC95E /* LaunchScreen.storyboard */; };
		B295C1C529E8EF1C00818747 /* TabBarViewController.swift in Sources */ = {isa = PBXBuildFile; fileRef = B295C1C429E8EF1C00818747 /* TabBarViewController.swift */; };
		B295C1C929E8EF3700818747 /* SearchViewController.swift in Sources */ = {isa = PBXBuildFile; fileRef = B295C1C829E8EF3700818747 /* SearchViewController.swift */; };
		B2C153AC29E8F98700E1CB0B /* HomeTableViewController.swift in Sources */ = {isa = PBXBuildFile; fileRef = B2C153AB29E8F98700E1CB0B /* HomeTableViewController.swift */; };
		B2C153BD29E90F9000E1CB0B /* Music in Resources */ = {isa = PBXBuildFile; fileRef = B2C153BC29E90F9000E1CB0B /* Music */; };
		B2C153BF29E9B71C00E1CB0B /* SongTableViewCell.swift in Sources */ = {isa = PBXBuildFile; fileRef = B2C153BE29E9B71C00E1CB0B /* SongTableViewCell.swift */; };
		B2C153C129E9BB1A00E1CB0B /* PlayerViewController.swift in Sources */ = {isa = PBXBuildFile; fileRef = B2C153C029E9BB1A00E1CB0B /* PlayerViewController.swift */; };
		B2C153CB29EA4AC100E1CB0B /* SongModel.swift in Sources */ = {isa = PBXBuildFile; fileRef = B2C153C929EA4AC100E1CB0B /* SongModel.swift */; };
/* End PBXBuildFile section */

/* Begin PBXFileReference section */
		09B2210529E4E8C900DFC95E /* MusicApp.app */ = {isa = PBXFileReference; explicitFileType = wrapper.application; includeInIndex = 0; path = MusicApp.app; sourceTree = BUILT_PRODUCTS_DIR; };
		09B2210829E4E8C900DFC95E /* AppDelegate.swift */ = {isa = PBXFileReference; lastKnownFileType = sourcecode.swift; path = AppDelegate.swift; sourceTree = "<group>"; };
		09B2210A29E4E8C900DFC95E /* SceneDelegate.swift */ = {isa = PBXFileReference; lastKnownFileType = sourcecode.swift; path = SceneDelegate.swift; sourceTree = "<group>"; };
		09B2210F29E4E8C900DFC95E /* Base */ = {isa = PBXFileReference; lastKnownFileType = file.storyboard; name = Base; path = Base.lproj/Main.storyboard; sourceTree = "<group>"; };
		09B2211129E4E8CC00DFC95E /* Assets.xcassets */ = {isa = PBXFileReference; lastKnownFileType = folder.assetcatalog; path = Assets.xcassets; sourceTree = "<group>"; };
		09B2211429E4E8CC00DFC95E /* Base */ = {isa = PBXFileReference; lastKnownFileType = file.storyboard; name = Base; path = Base.lproj/LaunchScreen.storyboard; sourceTree = "<group>"; };
		09B2211629E4E8CC00DFC95E /* Info.plist */ = {isa = PBXFileReference; lastKnownFileType = text.plist.xml; path = Info.plist; sourceTree = "<group>"; };
		B295C1C429E8EF1C00818747 /* TabBarViewController.swift */ = {isa = PBXFileReference; lastKnownFileType = sourcecode.swift; path = TabBarViewController.swift; sourceTree = "<group>"; };
		B295C1C829E8EF3700818747 /* SearchViewController.swift */ = {isa = PBXFileReference; lastKnownFileType = sourcecode.swift; path = SearchViewController.swift; sourceTree = "<group>"; };
		B2C153AB29E8F98700E1CB0B /* HomeTableViewController.swift */ = {isa = PBXFileReference; lastKnownFileType = sourcecode.swift; path = HomeTableViewController.swift; sourceTree = "<group>"; };
		B2C153BC29E90F9000E1CB0B /* Music */ = {isa = PBXFileReference; lastKnownFileType = folder; path = Music; sourceTree = "<group>"; };
		B2C153BE29E9B71C00E1CB0B /* SongTableViewCell.swift */ = {isa = PBXFileReference; lastKnownFileType = sourcecode.swift; path = SongTableViewCell.swift; sourceTree = "<group>"; };
		B2C153C029E9BB1A00E1CB0B /* PlayerViewController.swift */ = {isa = PBXFileReference; lastKnownFileType = sourcecode.swift; path = PlayerViewController.swift; sourceTree = "<group>"; };
		B2C153C929EA4AC100E1CB0B /* SongModel.swift */ = {isa = PBXFileReference; fileEncoding = 4; lastKnownFileType = sourcecode.swift; path = SongModel.swift; sourceTree = "<group>"; };
/* End PBXFileReference section */

/* Begin PBXFrameworksBuildPhase section */
		09B2210229E4E8C900DFC95E /* Frameworks */ = {
			isa = PBXFrameworksBuildPhase;
			buildActionMask = 2147483647;
			files = (
			);
			runOnlyForDeploymentPostprocessing = 0;
		};
/* End PBXFrameworksBuildPhase section */

/* Begin PBXGroup section */
		09B220FC29E4E8C900DFC95E = {
			isa = PBXGroup;
			children = (
				09B2210729E4E8C900DFC95E /* MusicApp */,
				09B2210629E4E8C900DFC95E /* Products */,
			);
			sourceTree = "<group>";
		};
		09B2210629E4E8C900DFC95E /* Products */ = {
			isa = PBXGroup;
			children = (
				09B2210529E4E8C900DFC95E /* MusicApp.app */,
			);
			name = Products;
			sourceTree = "<group>";
		};
		09B2210729E4E8C900DFC95E /* MusicApp */ = {
			isa = PBXGroup;
			children = (
				B2C153BC29E90F9000E1CB0B /* Music */,
				09B2210829E4E8C900DFC95E /* AppDelegate.swift */,
				09B2210A29E4E8C900DFC95E /* SceneDelegate.swift */,
				B2C153BE29E9B71C00E1CB0B /* SongTableViewCell.swift */,
				B2C153C829EA4AC100E1CB0B /* Models */,
				B295C1C329E8EEC100818747 /* ViewControllers */,
				09B2210E29E4E8C900DFC95E /* Main.storyboard */,
				09B2211129E4E8CC00DFC95E /* Assets.xcassets */,
				09B2211329E4E8CC00DFC95E /* LaunchScreen.storyboard */,
				09B2211629E4E8CC00DFC95E /* Info.plist */,
			);
			path = MusicApp;
			sourceTree = "<group>";
		};
		B295C1C329E8EEC100818747 /* ViewControllers */ = {
			isa = PBXGroup;
			children = (
				B2C153C029E9BB1A00E1CB0B /* PlayerViewController.swift */,
				B2C153AB29E8F98700E1CB0B /* HomeTableViewController.swift */,
				B295C1C429E8EF1C00818747 /* TabBarViewController.swift */,
				B295C1C829E8EF3700818747 /* SearchViewController.swift */,
			);
			path = ViewControllers;
			sourceTree = "<group>";
		};
		B2C153C829EA4AC100E1CB0B /* Models */ = {
			isa = PBXGroup;
			children = (
				B2C153C929EA4AC100E1CB0B /* SongModel.swift */,
			);
			path = Models;
			sourceTree = "<group>";
		};
/* End PBXGroup section */

/* Begin PBXNativeTarget section */
		09B2210429E4E8C900DFC95E /* MusicApp */ = {
			isa = PBXNativeTarget;
			buildConfigurationList = 09B2211929E4E8CC00DFC95E /* Build configuration list for PBXNativeTarget "MusicApp" */;
			buildPhases = (
				09B2210129E4E8C900DFC95E /* Sources */,
				09B2210229E4E8C900DFC95E /* Frameworks */,
				09B2210329E4E8C900DFC95E /* Resources */,
			);
			buildRules = (
			);
			dependencies = (
			);
			name = MusicApp;
			productName = MusicApp;
			productReference = 09B2210529E4E8C900DFC95E /* MusicApp.app */;
			productType = "com.apple.product-type.application";
		};
/* End PBXNativeTarget section */

/* Begin PBXProject section */
		09B220FD29E4E8C900DFC95E /* Project object */ = {
			isa = PBXProject;
			attributes = {
				BuildIndependentTargetsInParallel = 1;
				LastSwiftUpdateCheck = 1420;
				LastUpgradeCheck = 1420;
				TargetAttributes = {
					09B2210429E4E8C900DFC95E = {
						CreatedOnToolsVersion = 14.2;
					};
				};
			};
			buildConfigurationList = 09B2210029E4E8C900DFC95E /* Build configuration list for PBXProject "MusicApp" */;
			compatibilityVersion = "Xcode 14.0";
			developmentRegion = en;
			hasScannedForEncodings = 0;
			knownRegions = (
				en,
				Base,
			);
			mainGroup = 09B220FC29E4E8C900DFC95E;
			productRefGroup = 09B2210629E4E8C900DFC95E /* Products */;
			projectDirPath = "";
			projectRoot = "";
			targets = (
				09B2210429E4E8C900DFC95E /* MusicApp */,
			);
		};
/* End PBXProject section */

/* Begin PBXResourcesBuildPhase section */
		09B2210329E4E8C900DFC95E /* Resources */ = {
			isa = PBXResourcesBuildPhase;
			buildActionMask = 2147483647;
			files = (
				09B2211529E4E8CC00DFC95E /* LaunchScreen.storyboard in Resources */,
				09B2211229E4E8CC00DFC95E /* Assets.xcassets in Resources */,
				B2C153BD29E90F9000E1CB0B /* Music in Resources */,
				09B2211029E4E8C900DFC95E /* Main.storyboard in Resources */,
			);
			runOnlyForDeploymentPostprocessing = 0;
		};
/* End PBXResourcesBuildPhase section */

/* Begin PBXSourcesBuildPhase section */
		09B2210129E4E8C900DFC95E /* Sources */ = {
			isa = PBXSourcesBuildPhase;
			buildActionMask = 2147483647;
			files = (
				B2C153AC29E8F98700E1CB0B /* HomeTableViewController.swift in Sources */,
				B295C1C929E8EF3700818747 /* SearchViewController.swift in Sources */,
				B2C153BF29E9B71C00E1CB0B /* SongTableViewCell.swift in Sources */,
				B2C153C129E9BB1A00E1CB0B /* PlayerViewController.swift in Sources */,
				B295C1C529E8EF1C00818747 /* TabBarViewController.swift in Sources */,
				B2C153CB29EA4AC100E1CB0B /* SongModel.swift in Sources */,
				09B2210929E4E8C900DFC95E /* AppDelegate.swift in Sources */,
				09B2210B29E4E8C900DFC95E /* SceneDelegate.swift in Sources */,
			);
			runOnlyForDeploymentPostprocessing = 0;
		};
/* End PBXSourcesBuildPhase section */

/* Begin PBXVariantGroup section */
		09B2210E29E4E8C900DFC95E /* Main.storyboard */ = {
			isa = PBXVariantGroup;
			children = (
				09B2210F29E4E8C900DFC95E /* Base */,
			);
			name = Main.storyboard;
			sourceTree = "<group>";
		};
		09B2211329E4E8CC00DFC95E /* LaunchScreen.storyboard */ = {
			isa = PBXVariantGroup;
			children = (
				09B2211429E4E8CC00DFC95E /* Base */,
			);
			name = LaunchScreen.storyboard;
			sourceTree = "<group>";
		};
/* End PBXVariantGroup section */

/* Begin XCBuildConfiguration section */
		09B2211729E4E8CC00DFC95E /* Debug */ = {
			isa = XCBuildConfiguration;
			buildSettings = {
				ALWAYS_SEARCH_USER_PATHS = NO;
				CLANG_ANALYZER_NONNULL = YES;
				CLANG_ANALYZER_NUMBER_OBJECT_CONVERSION = YES_AGGRESSIVE;
				CLANG_CXX_LANGUAGE_STANDARD = "gnu++20";
				CLANG_ENABLE_MODULES = YES;
				CLANG_ENABLE_OBJC_ARC = YES;
				CLANG_ENABLE_OBJC_WEAK = YES;
				CLANG_WARN_BLOCK_CAPTURE_AUTORELEASING = YES;
				CLANG_WARN_BOOL_CONVERSION = YES;
				CLANG_WARN_COMMA = YES;
				CLANG_WARN_CONSTANT_CONVERSION = YES;
				CLANG_WARN_DEPRECATED_OBJC_IMPLEMENTATIONS = YES;
				CLANG_WARN_DIRECT_OBJC_ISA_USAGE = YES_ERROR;
				CLANG_WARN_DOCUMENTATION_COMMENTS = YES;
				CLANG_WARN_EMPTY_BODY = YES;
				CLANG_WARN_ENUM_CONVERSION = YES;
				CLANG_WARN_INFINITE_RECURSION = YES;
				CLANG_WARN_INT_CONVERSION = YES;
				CLANG_WARN_NON_LITERAL_NULL_CONVERSION = YES;
				CLANG_WARN_OBJC_IMPLICIT_RETAIN_SELF = YES;
				CLANG_WARN_OBJC_LITERAL_CONVERSION = YES;
				CLANG_WARN_OBJC_ROOT_CLASS = YES_ERROR;
				CLANG_WARN_QUOTED_INCLUDE_IN_FRAMEWORK_HEADER = YES;
				CLANG_WARN_RANGE_LOOP_ANALYSIS = YES;
				CLANG_WARN_STRICT_PROTOTYPES = YES;
				CLANG_WARN_SUSPICIOUS_MOVE = YES;
				CLANG_WARN_UNGUARDED_AVAILABILITY = YES_AGGRESSIVE;
				CLANG_WARN_UNREACHABLE_CODE = YES;
				CLANG_WARN__DUPLICATE_METHOD_MATCH = YES;
				COPY_PHASE_STRIP = NO;
				DEBUG_INFORMATION_FORMAT = dwarf;
				ENABLE_STRICT_OBJC_MSGSEND = YES;
				ENABLE_TESTABILITY = YES;
				GCC_C_LANGUAGE_STANDARD = gnu11;
				GCC_DYNAMIC_NO_PIC = NO;
				GCC_NO_COMMON_BLOCKS = YES;
				GCC_OPTIMIZATION_LEVEL = 0;
				GCC_PREPROCESSOR_DEFINITIONS = (
					"DEBUG=1",
					"$(inherited)",
				);
				GCC_WARN_64_TO_32_BIT_CONVERSION = YES;
				GCC_WARN_ABOUT_RETURN_TYPE = YES_ERROR;
				GCC_WARN_UNDECLARED_SELECTOR = YES;
				GCC_WARN_UNINITIALIZED_AUTOS = YES_AGGRESSIVE;
				GCC_WARN_UNUSED_FUNCTION = YES;
				GCC_WARN_UNUSED_VARIABLE = YES;
				IPHONEOS_DEPLOYMENT_TARGET = 16.2;
				MTL_ENABLE_DEBUG_INFO = INCLUDE_SOURCE;
				MTL_FAST_MATH = YES;
				ONLY_ACTIVE_ARCH = YES;
				SDKROOT = iphoneos;
				SWIFT_ACTIVE_COMPILATION_CONDITIONS = DEBUG;
				SWIFT_OPTIMIZATION_LEVEL = "-Onone";
			};
			name = Debug;
		};
		09B2211829E4E8CC00DFC95E /* Release */ = {
			isa = XCBuildConfiguration;
			buildSettings = {
				ALWAYS_SEARCH_USER_PATHS = NO;
				CLANG_ANALYZER_NONNULL = YES;
				CLANG_ANALYZER_NUMBER_OBJECT_CONVERSION = YES_AGGRESSIVE;
				CLANG_CXX_LANGUAGE_STANDARD = "gnu++20";
				CLANG_ENABLE_MODULES = YES;
				CLANG_ENABLE_OBJC_ARC = YES;
				CLANG_ENABLE_OBJC_WEAK = YES;
				CLANG_WARN_BLOCK_CAPTURE_AUTORELEASING = YES;
				CLANG_WARN_BOOL_CONVERSION = YES;
				CLANG_WARN_COMMA = YES;
				CLANG_WARN_CONSTANT_CONVERSION = YES;
				CLANG_WARN_DEPRECATED_OBJC_IMPLEMENTATIONS = YES;
				CLANG_WARN_DIRECT_OBJC_ISA_USAGE = YES_ERROR;
				CLANG_WARN_DOCUMENTATION_COMMENTS = YES;
				CLANG_WARN_EMPTY_BODY = YES;
				CLANG_WARN_ENUM_CONVERSION = YES;
				CLANG_WARN_INFINITE_RECURSION = YES;
				CLANG_WARN_INT_CONVERSION = YES;
				CLANG_WARN_NON_LITERAL_NULL_CONVERSION = YES;
				CLANG_WARN_OBJC_IMPLICIT_RETAIN_SELF = YES;
				CLANG_WARN_OBJC_LITERAL_CONVERSION = YES;
				CLANG_WARN_OBJC_ROOT_CLASS = YES_ERROR;
				CLANG_WARN_QUOTED_INCLUDE_IN_FRAMEWORK_HEADER = YES;
				CLANG_WARN_RANGE_LOOP_ANALYSIS = YES;
				CLANG_WARN_STRICT_PROTOTYPES = YES;
				CLANG_WARN_SUSPICIOUS_MOVE = YES;
				CLANG_WARN_UNGUARDED_AVAILABILITY = YES_AGGRESSIVE;
				CLANG_WARN_UNREACHABLE_CODE = YES;
				CLANG_WARN__DUPLICATE_METHOD_MATCH = YES;
				COPY_PHASE_STRIP = NO;
				DEBUG_INFORMATION_FORMAT = "dwarf-with-dsym";
				ENABLE_NS_ASSERTIONS = NO;
				ENABLE_STRICT_OBJC_MSGSEND = YES;
				GCC_C_LANGUAGE_STANDARD = gnu11;
				GCC_NO_COMMON_BLOCKS = YES;
				GCC_WARN_64_TO_32_BIT_CONVERSION = YES;
				GCC_WARN_ABOUT_RETURN_TYPE = YES_ERROR;
				GCC_WARN_UNDECLARED_SELECTOR = YES;
				GCC_WARN_UNINITIALIZED_AUTOS = YES_AGGRESSIVE;
				GCC_WARN_UNUSED_FUNCTION = YES;
				GCC_WARN_UNUSED_VARIABLE = YES;
				IPHONEOS_DEPLOYMENT_TARGET = 16.2;
				MTL_ENABLE_DEBUG_INFO = NO;
				MTL_FAST_MATH = YES;
				SDKROOT = iphoneos;
				SWIFT_COMPILATION_MODE = wholemodule;
				SWIFT_OPTIMIZATION_LEVEL = "-O";
				VALIDATE_PRODUCT = YES;
			};
			name = Release;
		};
		09B2211A29E4E8CC00DFC95E /* Debug */ = {
			isa = XCBuildConfiguration;
			buildSettings = {
				ASSETCATALOG_COMPILER_APPICON_NAME = AppIcon;
				ASSETCATALOG_COMPILER_GLOBAL_ACCENT_COLOR_NAME = AccentColor;
				CODE_SIGN_STYLE = Automatic;
				CURRENT_PROJECT_VERSION = 1;
				GENERATE_INFOPLIST_FILE = YES;
				INFOPLIST_FILE = MusicApp/Info.plist;
				INFOPLIST_KEY_NSAppleMusicUsageDescription = "This app uses Apple Music to play songs selected by the user";
				INFOPLIST_KEY_UIApplicationSupportsIndirectInputEvents = YES;
				INFOPLIST_KEY_UILaunchStoryboardName = LaunchScreen;
				INFOPLIST_KEY_UIMainStoryboardFile = Main;
				INFOPLIST_KEY_UISupportedInterfaceOrientations_iPad = "UIInterfaceOrientationPortrait UIInterfaceOrientationPortraitUpsideDown UIInterfaceOrientationLandscapeLeft UIInterfaceOrientationLandscapeRight";
				INFOPLIST_KEY_UISupportedInterfaceOrientations_iPhone = "UIInterfaceOrientationPortrait UIInterfaceOrientationLandscapeLeft UIInterfaceOrientationLandscapeRight";
				LD_RUNPATH_SEARCH_PATHS = (
					"$(inherited)",
					"@executable_path/Frameworks",
				);
				MARKETING_VERSION = 1.0;
				PRODUCT_BUNDLE_IDENTIFIER = edu.indiana.cs.c323.MusicApp;
				PRODUCT_NAME = "$(TARGET_NAME)";
				SWIFT_EMIT_LOC_STRINGS = YES;
				SWIFT_VERSION = 5.0;
				TARGETED_DEVICE_FAMILY = "1,2";
			};
			name = Debug;
		};
		09B2211B29E4E8CC00DFC95E /* Release */ = {
			isa = XCBuildConfiguration;
			buildSettings = {
				ASSETCATALOG_COMPILER_APPICON_NAME = AppIcon;
				ASSETCATALOG_COMPILER_GLOBAL_ACCENT_COLOR_NAME = AccentColor;
				CODE_SIGN_STYLE = Automatic;
				CURRENT_PROJECT_VERSION = 1;
				GENERATE_INFOPLIST_FILE = YES;
				INFOPLIST_FILE = MusicApp/Info.plist;
				INFOPLIST_KEY_NSAppleMusicUsageDescription = "This app uses Apple Music to play songs selected by the user";
				INFOPLIST_KEY_UIApplicationSupportsIndirectInputEvents = YES;
				INFOPLIST_KEY_UILaunchStoryboardName = LaunchScreen;
				INFOPLIST_KEY_UIMainStoryboardFile = Main;
				INFOPLIST_KEY_UISupportedInterfaceOrientations_iPad = "UIInterfaceOrientationPortrait UIInterfaceOrientationPortraitUpsideDown UIInterfaceOrientationLandscapeLeft UIInterfaceOrientationLandscapeRight";
				INFOPLIST_KEY_UISupportedInterfaceOrientations_iPhone = "UIInterfaceOrientationPortrait UIInterfaceOrientationLandscapeLeft UIInterfaceOrientationLandscapeRight";
				LD_RUNPATH_SEARCH_PATHS = (
					"$(inherited)",
					"@executable_path/Frameworks",
				);
				MARKETING_VERSION = 1.0;
				PRODUCT_BUNDLE_IDENTIFIER = edu.indiana.cs.c323.MusicApp;
				PRODUCT_NAME = "$(TARGET_NAME)";
				SWIFT_EMIT_LOC_STRINGS = YES;
				SWIFT_VERSION = 5.0;
				TARGETED_DEVICE_FAMILY = "1,2";
			};
			name = Release;
		};
/* End XCBuildConfiguration section */

/* Begin XCConfigurationList section */
		09B2210029E4E8C900DFC95E /* Build configuration list for PBXProject "MusicApp" */ = {
			isa = XCConfigurationList;
			buildConfigurations = (
				09B2211729E4E8CC00DFC95E /* Debug */,
				09B2211829E4E8CC00DFC95E /* Release */,
			);
			defaultConfigurationIsVisible = 0;
			defaultConfigurationName = Release;
		};
		09B2211929E4E8CC00DFC95E /* Build configuration list for PBXNativeTarget "MusicApp" */ = {
			isa = XCConfigurationList;
			buildConfigurations = (
				09B2211A29E4E8CC00DFC95E /* Debug */,
				09B2211B29E4E8CC00DFC95E /* Release */,
			);
			defaultConfigurationIsVisible = 0;
			defaultConfigurationName = Release;
		};
/* End XCConfigurationList section */
	};
	rootObject = 09B220FD29E4E8C900DFC95E /* Project object */;
}
